{
  "name": "prisma-paginate",
  "version": "1.0.0",
  "lockfileVersion": 2,
  "requires": true,
  "packages": {
    "": {
      "name": "prisma-paginate",
      "version": "1.0.0",
      "license": "ISC",
      "dependencies": {
        "@prisma/client": "^4.7.0"
      },
      "devDependencies": {
        "@types/node": "^18.11.9",
        "typescript": "^4.9.3"
      }
    },
    "node_modules/@prisma/client": {
      "version": "4.7.0",
      "resolved": "https://registry.npmjs.org/@prisma/client/-/client-4.7.0.tgz",
      "integrity": "sha512-keXMa0oJWJGOzMEFKp+CEgzJPwnOtGSrnTWw6qMYxnypYrRFdNxqyA06EzELZexBhgM4oLooZ1jDJ3iy46wExA==",
      "hasInstallScript": true,
      "dependencies": {
        "@prisma/engines-version": "4.7.0-74.39190b250ebc338586e25e6da45e5e783bc8a635"
      },
      "engines": {
        "node": ">=14.17"
      },
      "peerDependencies": {
        "prisma": "*"
      },
      "peerDependenciesMeta": {
        "prisma": {
          "optional": true
        }
      }
    },
    "node_modules/@prisma/engines-version": {
      "version": "4.7.0-74.39190b250ebc338586e25e6da45e5e783bc8a635",
      "resolved": "https://registry.npmjs.org/@prisma/engines-version/-/engines-version-4.7.0-74.39190b250ebc338586e25e6da45e5e783bc8a635.tgz",
      "integrity": "sha512-ImczGEQ8NS1OUApEeyAGxC4uLTtQp0wI1+2wM4MeQLVwIQbyMHk1vOhWWE8Pwbi3rnzLcPvsIrd9sm6oNXhERw=="
    },
    "node_modules/@types/node": {
      "version": "18.11.9",
      "resolved": "https://registry.npmjs.org/@types/node/-/node-18.11.9.tgz",
      "integrity": "sha512-CRpX21/kGdzjOpFsZSkcrXMGIBWMGNIHXXBVFSH+ggkftxg+XYP20TESbh+zFvFj3EQOl5byk0HTRn1IL6hbqg==",
      "dev": true
    },
    "node_modules/typescript": {
      "version": "4.9.3",
      "resolved": "https://registry.npmjs.org/typescript/-/typescript-4.9.3.tgz",
      "integrity": "sha512-CIfGzTelbKNEnLpLdGFgdyKhG23CKdKgQPOBc+OUNrkJ2vr+KSzsSV5kq5iWhEQbok+quxgGzrAtGWCyU7tHnA==",
      "dev": true,
      "bin": {
        "tsc": "bin/tsc",
        "tsserver": "bin/tsserver"
      },
      "engines": {
        "node": ">=4.2.0"
      }
    }
  },
  "dependencies": {
    "@prisma/client": {
      "version": "4.7.0",
      "resolved": "https://registry.npmjs.org/@prisma/client/-/client-4.7.0.tgz",
      "integrity": "sha512-keXMa0oJWJGOzMEFKp+CEgzJPwnOtGSrnTWw6qMYxnypYrRFdNxqyA06EzELZexBhgM4oLooZ1jDJ3iy46wExA==",
      "requires": {
        "@prisma/engines-version": "4.7.0-74.39190b250ebc338586e25e6da45e5e783bc8a635"
      }
    },
    "@prisma/engines-version": {
      "version": "4.7.0-74.39190b250ebc338586e25e6da45e5e783bc8a635",
      "resolved": "https://registry.npmjs.org/@prisma/engines-version/-/engines-version-4.7.0-74.39190b250ebc338586e25e6da45e5e783bc8a635.tgz",
      "integrity": "sha512-ImczGEQ8NS1OUApEeyAGxC4uLTtQp0wI1+2wM4MeQLVwIQbyMHk1vOhWWE8Pwbi3rnzLcPvsIrd9sm6oNXhERw=="
    },
    "@types/node": {
      "version": "18.11.9",
      "resolved": "https://registry.npmjs.org/@types/node/-/node-18.11.9.tgz",
      "integrity": "sha512-CRpX21/kGdzjOpFsZSkcrXMGIBWMGNIHXXBVFSH+ggkftxg+XYP20TESbh+zFvFj3EQOl5byk0HTRn1IL6hbqg==",
      "dev": true
    },
    "typescript": {
      "version": "4.9.3",
      "resolved": "https://registry.npmjs.org/typescript/-/typescript-4.9.3.tgz",
      "integrity": "sha512-CIfGzTelbKNEnLpLdGFgdyKhG23CKdKgQPOBc+OUNrkJ2vr+KSzsSV5kq5iWhEQbok+quxgGzrAtGWCyU7tHnA==",
      "dev": true
    }
  }
}
